{
  "originHash" : "7e5206ce3f54ce74aac49af821ffe459bdb5664831b4f5583c231fa3a029e0ad",
  "pins" : [
    {
      "identity" : "swift-data-parsing",
      "kind" : "remoteSourceControl",
      "location" : "https://github.com/orchetect/swift-data-parsing",
      "state" : {
        "revision" : "ede3136a6cd3e89b3157dc8590eb43ac3c210fce",
        "version" : "0.1.0"
      }
    },
    {
      "identity" : "swift-extensions",
      "kind" : "remoteSourceControl",
      "location" : "https://github.com/orchetect/swift-extensions",
      "state" : {
        "revision" : "ec46b1bf872b6dfb7fa48ecd4e5478c6a401b573",
        "version" : "2.1.1"
      }
    },
    {
      "identity" : "swift-syntax",
      "kind" : "remoteSourceControl",
      "location" : "https://github.com/swiftlang/swift-syntax.git",
      "state" : {
        "revision" : "4799286537280063c85a32f09884cfbca301b1a1",
        "version" : "602.0.0"
      }
    },
    {
      "identity" : "swift-testing-extensions",
      "kind" : "remoteSourceControl",
      "location" : "https://github.com/orchetect/swift-testing-extensions",
      "state" : {
        "revision" : "2bfa77bf0637102360bc723c2c568237f961a2a3",
        "version" : "0.3.0"
      }
    },
    {
      "identity" : "swift-timecode",
      "kind" : "remoteSourceControl",
      "location" : "https://github.com/orchetect/swift-timecode",
      "state" : {
        "revision" : "c15034c2943fd08f22ff5b86f7d7273f11f1679e",
        "version" : "3.1.0"
      }
    }
  ],
  "version" : 3
}
